
Microsoft Visual Studio Solution File, Format Version 12.00
# Visual Studio Version 16
VisualStudioVersion = 16.0.30002.166
MinimumVisualStudioVersion = 10.0.40219.1
Project("{FAE04EC0-301F-11D3-BF4B-00C04F79EFBC}") = "DTISKisiEkleme", "DTISKisiEkleme\DTISKisiEkleme.csproj", "{D2A0A338-B2B6-49F6-B443-2AB60F45CE92}"
EndProject
Global
	GlobalSection(SolutionConfigurationPlatforms) = preSolution
		Debug|Any CPU = Debug|Any CPU
		Release|Any CPU = Release|Any CPU
	EndGlobalSection
	GlobalSection(ProjectConfigurationPlatforms) = postSolution
		{D2A0A338-B2B6-49F6-B443-2AB60F45CE92}.Debug|Any CPU.ActiveCfg = Debug|Any CPU
		{D2A0A338-B2B6-49F6-B443-2AB60F45CE92}.Debug|Any CPU.Build.0 = Debug|Any CPU
		{D2A0A338-B2B6-49F6-B443-2AB60F45CE92}.Release|Any CPU.ActiveCfg = Release|Any CPU
		{D2A0A338-B2B6-49F6-B443-2AB60F45CE92}.Release|Any CPU.Build.0 = Release|Any CPU
	EndGlobalSection
	GlobalSection(SolutionProperties) = preSolution
		HideSolutionNode = FALSE
	EndGlobalSection
	GlobalSection(ExtensibilityGlobals) = postSolution
		SolutionGuid = {FE1E9781-BDAA-4B32-AE9D-FD1FED166133}
	EndGlobalSection
EndGlobal
